
Microsoft Visual Studio Solution File, Format Version 12.00
# Visual Studio 15
VisualStudioVersion = 15.0.28307.1209
MinimumVisualStudioVersion = 10.0.40219.1
Project("{8BC9CEB8-8B4A-11D0-8D11-00A0C91BC942}") = "Project1", "Project1\Project1.vcxproj", "{F74A9F42-2256-477A-BB52-C9C1BD1F24FC}"
EndProject
Global
	GlobalSection(SolutionConfigurationPlatforms) = preSolution
		Debug|x64 = Debug|x64
		Debug|x86 = Debug|x86
		Release|x64 = Release|x64
		Release|x86 = Release|x86
	EndGlobalSection
	GlobalSection(ProjectConfigurationPlatforms) = postSolution
		{F74A9F42-2256-477A-BB52-C9C1BD1F24FC}.Debug|x64.ActiveCfg = Debug|x64
		{F74A9F42-2256-477A-BB52-C9C1BD1F24FC}.Debug|x64.Build.0 = Debug|x64
		{F74A9F42-2256-477A-BB52-C9C1BD1F24FC}.Debug|x86.ActiveCfg = Debug|Win32
		{F74A9F42-2256-477A-BB52-C9C1BD1F24FC}.Debug|x86.Build.0 = Debug|Win32
		{F74A9F42-2256-477A-BB52-C9C1BD1F24FC}.Release|x64.ActiveCfg = Release|x64
		{F74A9F42-2256-477A-BB52-C9C1BD1F24FC}.Release|x64.Build.0 = Release|x64
		{F74A9F42-2256-477A-BB52-C9C1BD1F24FC}.Release|x86.ActiveCfg = Release|Win32
		{F74A9F42-2256-477A-BB52-C9C1BD1F24FC}.Release|x86.Build.0 = Release|Win32
	EndGlobalSection
	GlobalSection(SolutionProperties) = preSolution
		HideSolutionNode = FALSE
	EndGlobalSection
	GlobalSection(ExtensibilityGlobals) = postSolution
		SolutionGuid = {5A92846A-E7E0-4878-A81F-7EB6EC4CA949}
	EndGlobalSection
EndGlobal
